{
  "name": "oriole-job-engine",
  "version": "1.1.0",
  "lockfileVersion": 3,
  "requires": true,
  "packages": {
    "": {
      "name": "oriole-job-engine",
      "version": "1.1.0",
      "license": "Apache-2.0",
      "bin": {
        "oriole": "scripts/huangque/cli.mjs",
        "oriole-mcp": "scripts/huangque/mcp-server.mjs"
      },
      "engines": {
        "node": ">=22.13.0"
      }
    }
  }
}
